// !$*UTF8*$!
{
	archiveVersion = 1;
	classes = {
	};
	objectVersion = 46;
	objects = {

/* Begin PBXBuildFile section */
		FF02D3FB1B320F7100D9F30F /* Entity.cpp in Sources */ = {isa = PBXBuildFile; fileRef = FF02D3F31B320F7100D9F30F /* Entity.cpp */; };
		FF02D4001B320F9200D9F30F /* TextNode.cpp in Sources */ = {isa = PBXBuildFile; fileRef = FF02D3FE1B320F9200D9F30F /* TextNode.cpp */; };
		FF1492E81B4468EE003A1173 /* Distributions.cpp in Sources */ = {isa = PBXBuildFile; fileRef = FF1492DE1B4468EE003A1173 /* Distributions.cpp */; };
		FF1492E91B4468EE003A1173 /* PolarVector2.inl in Resources */ = {isa = PBXBuildFile; fileRef = FF1492E11B4468EE003A1173 /* PolarVector2.inl */; };
		FF1492EA1B4468EE003A1173 /* Random.cpp in Sources */ = {isa = PBXBuildFile; fileRef = FF1492E21B4468EE003A1173 /* Random.cpp */; };
		FF1492EB1B4468EE003A1173 /* Trigonometry.cpp in Sources */ = {isa = PBXBuildFile; fileRef = FF1492E41B4468EE003A1173 /* Trigonometry.cpp */; };
		FF1492EC1B4468EE003A1173 /* VectorAlgebra2D.inl in Resources */ = {isa = PBXBuildFile; fileRef = FF1492E71B4468EE003A1173 /* VectorAlgebra2D.inl */; };
		FF1492F01B4471FA003A1173 /* Affectors.cpp in Sources */ = {isa = PBXBuildFile; fileRef = FF1492ED1B4471FA003A1173 /* Affectors.cpp */; };
		FF1492F11B4471FA003A1173 /* Particle.cpp in Sources */ = {isa = PBXBuildFile; fileRef = FF1492EF1B4471FA003A1173 /* Particle.cpp */; };
		FF1492F71B447260003A1173 /* ParticleNode.cpp in Sources */ = {isa = PBXBuildFile; fileRef = FF1492F31B447260003A1173 /* ParticleNode.cpp */; };
		FF1492F81B447260003A1173 /* UniversalEmitterNode.cpp in Sources */ = {isa = PBXBuildFile; fileRef = FF1492F51B447260003A1173 /* UniversalEmitterNode.cpp */; };
		FF1492FB1B447272003A1173 /* EmitterNode.cpp in Sources */ = {isa = PBXBuildFile; fileRef = FF1492F91B447272003A1173 /* EmitterNode.cpp */; };
		FF1492FE1B448CA2003A1173 /* Animator.inl in Resources */ = {isa = PBXBuildFile; fileRef = FF1492FD1B448CA2003A1173 /* Animator.inl */; };
		FF1493051B448CB4003A1173 /* ColorAnimation.cpp in Sources */ = {isa = PBXBuildFile; fileRef = FF1492FF1B448CB4003A1173 /* ColorAnimation.cpp */; };
		FF1493061B448CB4003A1173 /* ColorGradient.cpp in Sources */ = {isa = PBXBuildFile; fileRef = FF1493011B448CB4003A1173 /* ColorGradient.cpp */; };
		FF1493071B448CB4003A1173 /* FadeAnimation.cpp in Sources */ = {isa = PBXBuildFile; fileRef = FF1493031B448CB4003A1173 /* FadeAnimation.cpp */; };
		FF14930D1B448CC6003A1173 /* RefAnimation.inl in Resources */ = {isa = PBXBuildFile; fileRef = FF1493091B448CC6003A1173 /* RefAnimation.inl */; };
		FF14930E1B448CC6003A1173 /* UniformAccess.cpp in Sources */ = {isa = PBXBuildFile; fileRef = FF14930A1B448CC6003A1173 /* UniformAccess.cpp */; };
		FF14930F1B448CC6003A1173 /* UniformAccess.inl in Resources */ = {isa = PBXBuildFile; fileRef = FF14930C1B448CC6003A1173 /* UniformAccess.inl */; };
		FF1493121B448D0E003A1173 /* FrameAnimation.cpp in Sources */ = {isa = PBXBuildFile; fileRef = FF1493101B448D0E003A1173 /* FrameAnimation.cpp */; };
		FF1C17571B4AF87400891BEE /* Aircraft.cpp in Sources */ = {isa = PBXBuildFile; fileRef = FF1C174B1B4AF87400891BEE /* Aircraft.cpp */; };
		FF1C175A1B4AF87400891BEE /* DataTables.cpp in Sources */ = {isa = PBXBuildFile; fileRef = FF1C17511B4AF87400891BEE /* DataTables.cpp */; };
		FF1C175B1B4AF87400891BEE /* Pickup.cpp in Sources */ = {isa = PBXBuildFile; fileRef = FF1C17531B4AF87400891BEE /* Pickup.cpp */; };
		FF1C175C1B4AF87400891BEE /* Projectile.cpp in Sources */ = {isa = PBXBuildFile; fileRef = FF1C17551B4AF87400891BEE /* Projectile.cpp */; };
		FF1C176F1B4B03C100891BEE /* GameOverState.cpp in Sources */ = {isa = PBXBuildFile; fileRef = FF1C17601B4B03C100891BEE /* GameOverState.cpp */; };
		FF1C17701B4B03C100891BEE /* GameState.cpp in Sources */ = {isa = PBXBuildFile; fileRef = FF1C17621B4B03C100891BEE /* GameState.cpp */; };
		FF1C17711B4B03C100891BEE /* LoadingState.cpp in Sources */ = {isa = PBXBuildFile; fileRef = FF1C17641B4B03C100891BEE /* LoadingState.cpp */; };
		FF1C17721B4B03C100891BEE /* MenuState.cpp in Sources */ = {isa = PBXBuildFile; fileRef = FF1C17661B4B03C100891BEE /* MenuState.cpp */; };
		FF1C17731B4B03C100891BEE /* PauseState.cpp in Sources */ = {isa = PBXBuildFile; fileRef = FF1C17681B4B03C100891BEE /* PauseState.cpp */; };
		FF1C17741B4B03C100891BEE /* SettingsStates.cpp in Sources */ = {isa = PBXBuildFile; fileRef = FF1C176A1B4B03C100891BEE /* SettingsStates.cpp */; };
		FF1C17751B4B03C100891BEE /* TitleState.cpp in Sources */ = {isa = PBXBuildFile; fileRef = FF1C176D1B4B03C100891BEE /* TitleState.cpp */; };
		FF3AD7891B51CE7100EE5592 /* MyApplication.cpp in Sources */ = {isa = PBXBuildFile; fileRef = FF3AD7871B51CE7100EE5592 /* MyApplication.cpp */; };
		FF3E06921B2F509B008F1A1C /* ResourcePath.mm in Sources */ = {isa = PBXBuildFile; fileRef = FF3E06911B2F509B008F1A1C /* ResourcePath.mm */; };
		FF3E06951B2F509B008F1A1C /* main.cpp in Sources */ = {isa = PBXBuildFile; fileRef = FF3E06941B2F509B008F1A1C /* main.cpp */; };
		FF3E06DC1B2F5175008F1A1C /* Application.cpp in Sources */ = {isa = PBXBuildFile; fileRef = FF3E06A51B2F5175008F1A1C /* Application.cpp */; };
		FF3E06DD1B2F5175008F1A1C /* Command.cpp in Sources */ = {isa = PBXBuildFile; fileRef = FF3E06A81B2F5175008F1A1C /* Command.cpp */; };
		FF3E06DE1B2F5175008F1A1C /* CommandQueue.cpp in Sources */ = {isa = PBXBuildFile; fileRef = FF3E06AA1B2F5175008F1A1C /* CommandQueue.cpp */; };
		FF3E06DF1B2F5175008F1A1C /* Button.cpp in Sources */ = {isa = PBXBuildFile; fileRef = FF3E06AD1B2F5175008F1A1C /* Button.cpp */; };
		FF3E06E01B2F5175008F1A1C /* Component.cpp in Sources */ = {isa = PBXBuildFile; fileRef = FF3E06AF1B2F5175008F1A1C /* Component.cpp */; };
		FF3E06E11B2F5175008F1A1C /* Container.cpp in Sources */ = {isa = PBXBuildFile; fileRef = FF3E06B11B2F5175008F1A1C /* Container.cpp */; };
		FF3E06E21B2F5175008F1A1C /* Label.cpp in Sources */ = {isa = PBXBuildFile; fileRef = FF3E06B31B2F5175008F1A1C /* Label.cpp */; };
		FF3E06E31B2F5175008F1A1C /* InputHandler.cpp in Sources */ = {isa = PBXBuildFile; fileRef = FF3E06B61B2F5175008F1A1C /* InputHandler.cpp */; };
		FF3E06E41B2F5175008F1A1C /* ResourceHolder.inl in Resources */ = {isa = PBXBuildFile; fileRef = FF3E06BA1B2F5175008F1A1C /* ResourceHolder.inl */; };
		FF3E06E51B2F5175008F1A1C /* SceneNode.cpp in Sources */ = {isa = PBXBuildFile; fileRef = FF3E06BD1B2F5175008F1A1C /* SceneNode.cpp */; };
		FF3E06E61B2F5175008F1A1C /* SpriteNode.cpp in Sources */ = {isa = PBXBuildFile; fileRef = FF3E06BF1B2F5175008F1A1C /* SpriteNode.cpp */; };
		FF3E06EC1B2F5175008F1A1C /* State.cpp in Sources */ = {isa = PBXBuildFile; fileRef = FF3E06CC1B2F5175008F1A1C /* State.cpp */; };
		FF3E06ED1B2F5175008F1A1C /* StateStack.cpp in Sources */ = {isa = PBXBuildFile; fileRef = FF3E06CF1B2F5175008F1A1C /* StateStack.cpp */; };
		FF3E06EF1B2F5175008F1A1C /* ParallelTask.cpp in Sources */ = {isa = PBXBuildFile; fileRef = FF3E06D41B2F5175008F1A1C /* ParallelTask.cpp */; };
		FF3E06F01B2F5175008F1A1C /* Utility.cpp in Sources */ = {isa = PBXBuildFile; fileRef = FF3E06D61B2F5175008F1A1C /* Utility.cpp */; };
		FF3E06F11B2F5175008F1A1C /* Utility.inl in Resources */ = {isa = PBXBuildFile; fileRef = FF3E06D81B2F5175008F1A1C /* Utility.inl */; };
		FF3E06F21B2F5175008F1A1C /* World.cpp in Sources */ = {isa = PBXBuildFile; fileRef = FF3E06DA1B2F5175008F1A1C /* World.cpp */; };
		FF9D6FAE1B34BAB600A995F0 /* Animation.cpp in Sources */ = {isa = PBXBuildFile; fileRef = FF9D6FA81B34BAB600A995F0 /* Animation.cpp */; };
		FF9D6FAF1B34BAB600A995F0 /* BloomEffect.cpp in Sources */ = {isa = PBXBuildFile; fileRef = FF9D6FAA1B34BAB600A995F0 /* BloomEffect.cpp */; };
		FF9D6FB01B34BAB600A995F0 /* PostEffect.cpp in Sources */ = {isa = PBXBuildFile; fileRef = FF9D6FAC1B34BAB600A995F0 /* PostEffect.cpp */; };
		FF9D6FBE1B34BB2800A995F0 /* sansation.ttf in Resources */ = {isa = PBXBuildFile; fileRef = FF9D6FBB1B34BB2800A995F0 /* sansation.ttf */; };
		FF9D6FBF1B34BB2800A995F0 /* TitleScreen.png in Resources */ = {isa = PBXBuildFile; fileRef = FF9D6FBD1B34BB2800A995F0 /* TitleScreen.png */; };
		FF9D6FC21B34C60900A995F0 /* Add.frag in Resources */ = {isa = PBXBuildFile; fileRef = FF9D6FC11B34C60900A995F0 /* Add.frag */; };
		FF9D6FC41B34C63200A995F0 /* Brightness.frag in Resources */ = {isa = PBXBuildFile; fileRef = FF9D6FC31B34C63200A995F0 /* Brightness.frag */; };
		FF9D6FC61B34C65700A995F0 /* DownSample.frag in Resources */ = {isa = PBXBuildFile; fileRef = FF9D6FC51B34C65700A995F0 /* DownSample.frag */; };
		FF9D6FC81B34C67A00A995F0 /* Fullpass.vert in Resources */ = {isa = PBXBuildFile; fileRef = FF9D6FC71B34C67A00A995F0 /* Fullpass.vert */; };
		FF9D6FCA1B34C69900A995F0 /* GaussianBlur.frag in Resources */ = {isa = PBXBuildFile; fileRef = FF9D6FC91B34C69900A995F0 /* GaussianBlur.frag */; };
		FF9D6FD21B34C6F000A995F0 /* Buttons.png in Resources */ = {isa = PBXBuildFile; fileRef = FF9D6FCB1B34C6F000A995F0 /* Buttons.png */; };
		FF9D6FD31B34C6F000A995F0 /* Entities.png in Resources */ = {isa = PBXBuildFile; fileRef = FF9D6FCC1B34C6F000A995F0 /* Entities.png */; };
		FF9D6FD41B34C6F000A995F0 /* Explosion.png in Resources */ = {isa = PBXBuildFile; fileRef = FF9D6FCD1B34C6F000A995F0 /* Explosion.png */; };
		FF9D6FD51B34C6F000A995F0 /* FinishLine.png in Resources */ = {isa = PBXBuildFile; fileRef = FF9D6FCE1B34C6F000A995F0 /* FinishLine.png */; };
		FF9D6FD61B34C6F000A995F0 /* Jungle.png in Resources */ = {isa = PBXBuildFile; fileRef = FF9D6FCF1B34C6F000A995F0 /* Jungle.png */; };
		FF9D6FD71B34C6F000A995F0 /* Particle.png in Resources */ = {isa = PBXBuildFile; fileRef = FF9D6FD01B34C6F000A995F0 /* Particle.png */; };
		FFAC745E1B3B49250061C374 /* SoundNode.cpp in Sources */ = {isa = PBXBuildFile; fileRef = FFAC745C1B3B49250061C374 /* SoundNode.cpp */; };
		FFAC74641B3B4A1E0061C374 /* MusicPlayer.cpp in Sources */ = {isa = PBXBuildFile; fileRef = FFAC74601B3B4A1E0061C374 /* MusicPlayer.cpp */; };
		FFAC74651B3B4A1E0061C374 /* SoundPlayer.cpp in Sources */ = {isa = PBXBuildFile; fileRef = FFAC74621B3B4A1E0061C374 /* SoundPlayer.cpp */; };
		FFAC74711B3B4AC00061C374 /* MenuTheme.ogg in Resources */ = {isa = PBXBuildFile; fileRef = FFAC74671B3B4AC00061C374 /* MenuTheme.ogg */; };
		FFAC74721B3B4AC00061C374 /* MissionTheme.ogg in Resources */ = {isa = PBXBuildFile; fileRef = FFAC74681B3B4AC00061C374 /* MissionTheme.ogg */; };
		FFAC74731B3B4AC00061C374 /* AlliedGunfire.wav in Resources */ = {isa = PBXBuildFile; fileRef = FFAC746A1B3B4AC00061C374 /* AlliedGunfire.wav */; };
		FFAC74741B3B4AC00061C374 /* Button.wav in Resources */ = {isa = PBXBuildFile; fileRef = FFAC746B1B3B4AC00061C374 /* Button.wav */; };
		FFAC74751B3B4AC00061C374 /* CollectPickup.wav in Resources */ = {isa = PBXBuildFile; fileRef = FFAC746C1B3B4AC00061C374 /* CollectPickup.wav */; };
		FFAC74761B3B4AC00061C374 /* EnemyGunfire.wav in Resources */ = {isa = PBXBuildFile; fileRef = FFAC746D1B3B4AC00061C374 /* EnemyGunfire.wav */; };
		FFAC74771B3B4AC00061C374 /* Explosion1.wav in Resources */ = {isa = PBXBuildFile; fileRef = FFAC746E1B3B4AC00061C374 /* Explosion1.wav */; };
		FFAC74781B3B4AC00061C374 /* Explosion2.wav in Resources */ = {isa = PBXBuildFile; fileRef = FFAC746F1B3B4AC00061C374 /* Explosion2.wav */; };
		FFAC74791B3B4AC00061C374 /* LaunchMissile.wav in Resources */ = {isa = PBXBuildFile; fileRef = FFAC74701B3B4AC00061C374 /* LaunchMissile.wav */; };
		FFAE01151B524C26002F7085 /* GUISettings.cpp in Sources */ = {isa = PBXBuildFile; fileRef = FFAE01141B524C26002F7085 /* GUISettings.cpp */; };
/* End PBXBuildFile section */

/* Begin PBXFileReference section */
		FF02D3F31B320F7100D9F30F /* Entity.cpp */ = {isa = PBXFileReference; fileEncoding = 4; lastKnownFileType = sourcecode.cpp.cpp; path = Entity.cpp; sourceTree = "<group>"; };
		FF02D3F41B320F7100D9F30F /* Entity.hpp */ = {isa = PBXFileReference; fileEncoding = 4; lastKnownFileType = sourcecode.cpp.h; path = Entity.hpp; sourceTree = "<group>"; };
		FF02D3FE1B320F9200D9F30F /* TextNode.cpp */ = {isa = PBXFileReference; fileEncoding = 4; lastKnownFileType = sourcecode.cpp.cpp; path = TextNode.cpp; sourceTree = "<group>"; };
		FF02D3FF1B320F9200D9F30F /* TextNode.hpp */ = {isa = PBXFileReference; fileEncoding = 4; lastKnownFileType = sourcecode.cpp.h; path = TextNode.hpp; sourceTree = "<group>"; };
		FF1492DD1B4468EE003A1173 /* Distribution.hpp */ = {isa = PBXFileReference; fileEncoding = 4; lastKnownFileType = sourcecode.cpp.h; path = Distribution.hpp; sourceTree = "<group>"; };
		FF1492DE1B4468EE003A1173 /* Distributions.cpp */ = {isa = PBXFileReference; fileEncoding = 4; lastKnownFileType = sourcecode.cpp.cpp; path = Distributions.cpp; sourceTree = "<group>"; };
		FF1492DF1B4468EE003A1173 /* Distributions.hpp */ = {isa = PBXFileReference; fileEncoding = 4; lastKnownFileType = sourcecode.cpp.h; path = Distributions.hpp; sourceTree = "<group>"; };
		FF1492E01B4468EE003A1173 /* PolarVector2.hpp */ = {isa = PBXFileReference; fileEncoding = 4; lastKnownFileType = sourcecode.cpp.h; path = PolarVector2.hpp; sourceTree = "<group>"; };
		FF1492E11B4468EE003A1173 /* PolarVector2.inl */ = {isa = PBXFileReference; fileEncoding = 4; lastKnownFileType = text; path = PolarVector2.inl; sourceTree = "<group>"; };
		FF1492E21B4468EE003A1173 /* Random.cpp */ = {isa = PBXFileReference; fileEncoding = 4; lastKnownFileType = sourcecode.cpp.cpp; path = Random.cpp; sourceTree = "<group>"; };
		FF1492E31B4468EE003A1173 /* Random.hpp */ = {isa = PBXFileReference; fileEncoding = 4; lastKnownFileType = sourcecode.cpp.h; path = Random.hpp; sourceTree = "<group>"; };
		FF1492E41B4468EE003A1173 /* Trigonometry.cpp */ = {isa = PBXFileReference; fileEncoding = 4; lastKnownFileType = sourcecode.cpp.cpp; path = Trigonometry.cpp; sourceTree = "<group>"; };
		FF1492E51B4468EE003A1173 /* Trigonometry.hpp */ = {isa = PBXFileReference; fileEncoding = 4; lastKnownFileType = sourcecode.cpp.h; path = Trigonometry.hpp; sourceTree = "<group>"; };
		FF1492E61B4468EE003A1173 /* VectorAlgebra2D.hpp */ = {isa = PBXFileReference; fileEncoding = 4; lastKnownFileType = sourcecode.cpp.h; path = VectorAlgebra2D.hpp; sourceTree = "<group>"; };
		FF1492E71B4468EE003A1173 /* VectorAlgebra2D.inl */ = {isa = PBXFileReference; fileEncoding = 4; lastKnownFileType = text; path = VectorAlgebra2D.inl; sourceTree = "<group>"; };
		FF1492ED1B4471FA003A1173 /* Affectors.cpp */ = {isa = PBXFileReference; fileEncoding = 4; lastKnownFileType = sourcecode.cpp.cpp; path = Affectors.cpp; sourceTree = "<group>"; };
		FF1492EE1B4471FA003A1173 /* Affectors.hpp */ = {isa = PBXFileReference; fileEncoding = 4; lastKnownFileType = sourcecode.cpp.h; path = Affectors.hpp; sourceTree = "<group>"; };
		FF1492EF1B4471FA003A1173 /* Particle.cpp */ = {isa = PBXFileReference; fileEncoding = 4; lastKnownFileType = sourcecode.cpp.cpp; path = Particle.cpp; sourceTree = "<group>"; };
		FF1492F21B447222003A1173 /* Particle.hpp */ = {isa = PBXFileReference; fileEncoding = 4; lastKnownFileType = sourcecode.cpp.h; path = Particle.hpp; sourceTree = "<group>"; };
		FF1492F31B447260003A1173 /* ParticleNode.cpp */ = {isa = PBXFileReference; fileEncoding = 4; lastKnownFileType = sourcecode.cpp.cpp; path = ParticleNode.cpp; sourceTree = "<group>"; };
		FF1492F41B447260003A1173 /* ParticleNode.hpp */ = {isa = PBXFileReference; fileEncoding = 4; lastKnownFileType = sourcecode.cpp.h; path = ParticleNode.hpp; sourceTree = "<group>"; };
		FF1492F51B447260003A1173 /* UniversalEmitterNode.cpp */ = {isa = PBXFileReference; fileEncoding = 4; lastKnownFileType = sourcecode.cpp.cpp; path = UniversalEmitterNode.cpp; sourceTree = "<group>"; };
		FF1492F61B447260003A1173 /* UniversalEmitterNode.hpp */ = {isa = PBXFileReference; fileEncoding = 4; lastKnownFileType = sourcecode.cpp.h; path = UniversalEmitterNode.hpp; sourceTree = "<group>"; };
		FF1492F91B447272003A1173 /* EmitterNode.cpp */ = {isa = PBXFileReference; fileEncoding = 4; lastKnownFileType = sourcecode.cpp.cpp; path = EmitterNode.cpp; sourceTree = "<group>"; };
		FF1492FA1B447272003A1173 /* EmitterNode.hpp */ = {isa = PBXFileReference; fileEncoding = 4; lastKnownFileType = sourcecode.cpp.h; path = EmitterNode.hpp; sourceTree = "<group>"; };
		FF1492FC1B448CA2003A1173 /* Animator.hpp */ = {isa = PBXFileReference; fileEncoding = 4; lastKnownFileType = sourcecode.cpp.h; path = Animator.hpp; sourceTree = "<group>"; };
		FF1492FD1B448CA2003A1173 /* Animator.inl */ = {isa = PBXFileReference; fileEncoding = 4; lastKnownFileType = text; path = Animator.inl; sourceTree = "<group>"; };
		FF1492FF1B448CB4003A1173 /* ColorAnimation.cpp */ = {isa = PBXFileReference; fileEncoding = 4; lastKnownFileType = sourcecode.cpp.cpp; path = ColorAnimation.cpp; sourceTree = "<group>"; };
		FF1493001B448CB4003A1173 /* ColorAnimation.hpp */ = {isa = PBXFileReference; fileEncoding = 4; lastKnownFileType = sourcecode.cpp.h; path = ColorAnimation.hpp; sourceTree = "<group>"; };
		FF1493011B448CB4003A1173 /* ColorGradient.cpp */ = {isa = PBXFileReference; fileEncoding = 4; lastKnownFileType = sourcecode.cpp.cpp; path = ColorGradient.cpp; sourceTree = "<group>"; };
		FF1493021B448CB4003A1173 /* ColorGradient.hpp */ = {isa = PBXFileReference; fileEncoding = 4; lastKnownFileType = sourcecode.cpp.h; path = ColorGradient.hpp; sourceTree = "<group>"; };
		FF1493031B448CB4003A1173 /* FadeAnimation.cpp */ = {isa = PBXFileReference; fileEncoding = 4; lastKnownFileType = sourcecode.cpp.cpp; path = FadeAnimation.cpp; sourceTree = "<group>"; };
		FF1493041B448CB4003A1173 /* FadeAnimation.hpp */ = {isa = PBXFileReference; fileEncoding = 4; lastKnownFileType = sourcecode.cpp.h; path = FadeAnimation.hpp; sourceTree = "<group>"; };
		FF1493081B448CC6003A1173 /* RefAnimation.hpp */ = {isa = PBXFileReference; fileEncoding = 4; lastKnownFileType = sourcecode.cpp.h; path = RefAnimation.hpp; sourceTree = "<group>"; };
		FF1493091B448CC6003A1173 /* RefAnimation.inl */ = {isa = PBXFileReference; fileEncoding = 4; lastKnownFileType = text; path = RefAnimation.inl; sourceTree = "<group>"; };
		FF14930A1B448CC6003A1173 /* UniformAccess.cpp */ = {isa = PBXFileReference; fileEncoding = 4; lastKnownFileType = sourcecode.cpp.cpp; path = UniformAccess.cpp; sourceTree = "<group>"; };
		FF14930B1B448CC6003A1173 /* UniformAccess.hpp */ = {isa = PBXFileReference; fileEncoding = 4; lastKnownFileType = sourcecode.cpp.h; path = UniformAccess.hpp; sourceTree = "<group>"; };
		FF14930C1B448CC6003A1173 /* UniformAccess.inl */ = {isa = PBXFileReference; fileEncoding = 4; lastKnownFileType = text; path = UniformAccess.inl; sourceTree = "<group>"; };
		FF1493101B448D0E003A1173 /* FrameAnimation.cpp */ = {isa = PBXFileReference; fileEncoding = 4; lastKnownFileType = sourcecode.cpp.cpp; path = FrameAnimation.cpp; sourceTree = "<group>"; };
		FF1493111B448D0E003A1173 /* FrameAnimation.hpp */ = {isa = PBXFileReference; fileEncoding = 4; lastKnownFileType = sourcecode.cpp.h; path = FrameAnimation.hpp; sourceTree = "<group>"; };
		FF1C174B1B4AF87400891BEE /* Aircraft.cpp */ = {isa = PBXFileReference; fileEncoding = 4; lastKnownFileType = sourcecode.cpp.cpp; path = Aircraft.cpp; sourceTree = "<group>"; };
		FF1C174C1B4AF87400891BEE /* Aircraft.hpp */ = {isa = PBXFileReference; fileEncoding = 4; lastKnownFileType = sourcecode.cpp.h; path = Aircraft.hpp; sourceTree = "<group>"; };
		FF1C17511B4AF87400891BEE /* DataTables.cpp */ = {isa = PBXFileReference; fileEncoding = 4; lastKnownFileType = sourcecode.cpp.cpp; path = DataTables.cpp; sourceTree = "<group>"; };
		FF1C17521B4AF87400891BEE /* DataTables.hpp */ = {isa = PBXFileReference; fileEncoding = 4; lastKnownFileType = sourcecode.cpp.h; path = DataTables.hpp; sourceTree = "<group>"; };
		FF1C17531B4AF87400891BEE /* Pickup.cpp */ = {isa = PBXFileReference; fileEncoding = 4; lastKnownFileType = sourcecode.cpp.cpp; path = Pickup.cpp; sourceTree = "<group>"; };
		FF1C17541B4AF87400891BEE /* Pickup.hpp */ = {isa = PBXFileReference; fileEncoding = 4; lastKnownFileType = sourcecode.cpp.h; path = Pickup.hpp; sourceTree = "<group>"; };
		FF1C17551B4AF87400891BEE /* Projectile.cpp */ = {isa = PBXFileReference; fileEncoding = 4; lastKnownFileType = sourcecode.cpp.cpp; path = Projectile.cpp; sourceTree = "<group>"; };
		FF1C17561B4AF87400891BEE /* Projectile.hpp */ = {isa = PBXFileReference; fileEncoding = 4; lastKnownFileType = sourcecode.cpp.h; path = Projectile.hpp; sourceTree = "<group>"; };
		FF1C17601B4B03C100891BEE /* GameOverState.cpp */ = {isa = PBXFileReference; fileEncoding = 4; lastKnownFileType = sourcecode.cpp.cpp; path = GameOverState.cpp; sourceTree = "<group>"; };
		FF1C17611B4B03C100891BEE /* GameOverState.hpp */ = {isa = PBXFileReference; fileEncoding = 4; lastKnownFileType = sourcecode.cpp.h; path = GameOverState.hpp; sourceTree = "<group>"; };
		FF1C17621B4B03C100891BEE /* GameState.cpp */ = {isa = PBXFileReference; fileEncoding = 4; lastKnownFileType = sourcecode.cpp.cpp; path = GameState.cpp; sourceTree = "<group>"; };
		FF1C17631B4B03C100891BEE /* GameState.hpp */ = {isa = PBXFileReference; fileEncoding = 4; lastKnownFileType = sourcecode.cpp.h; path = GameState.hpp; sourceTree = "<group>"; };
		FF1C17641B4B03C100891BEE /* LoadingState.cpp */ = {isa = PBXFileReference; fileEncoding = 4; lastKnownFileType = sourcecode.cpp.cpp; path = LoadingState.cpp; sourceTree = "<group>"; };
		FF1C17651B4B03C100891BEE /* LoadingState.hpp */ = {isa = PBXFileReference; fileEncoding = 4; lastKnownFileType = sourcecode.cpp.h; path = LoadingState.hpp; sourceTree = "<group>"; };
		FF1C17661B4B03C100891BEE /* MenuState.cpp */ = {isa = PBXFileReference; fileEncoding = 4; lastKnownFileType = sourcecode.cpp.cpp; path = MenuState.cpp; sourceTree = "<group>"; };
		FF1C17671B4B03C100891BEE /* MenuState.hpp */ = {isa = PBXFileReference; fileEncoding = 4; lastKnownFileType = sourcecode.cpp.h; path = MenuState.hpp; sourceTree = "<group>"; };
		FF1C17681B4B03C100891BEE /* PauseState.cpp */ = {isa = PBXFileReference; fileEncoding = 4; lastKnownFileType = sourcecode.cpp.cpp; path = PauseState.cpp; sourceTree = "<group>"; };
		FF1C17691B4B03C100891BEE /* PauseState.hpp */ = {isa = PBXFileReference; fileEncoding = 4; lastKnownFileType = sourcecode.cpp.h; path = PauseState.hpp; sourceTree = "<group>"; };
		FF1C176A1B4B03C100891BEE /* SettingsStates.cpp */ = {isa = PBXFileReference; fileEncoding = 4; lastKnownFileType = sourcecode.cpp.cpp; path = SettingsStates.cpp; sourceTree = "<group>"; };
		FF1C176B1B4B03C100891BEE /* SettingsStates.hpp */ = {isa = PBXFileReference; fileEncoding = 4; lastKnownFileType = sourcecode.cpp.h; path = SettingsStates.hpp; sourceTree = "<group>"; };
		FF1C176C1B4B03C100891BEE /* StateIdentifiers.hpp */ = {isa = PBXFileReference; fileEncoding = 4; lastKnownFileType = sourcecode.cpp.h; path = StateIdentifiers.hpp; sourceTree = "<group>"; };
		FF1C176D1B4B03C100891BEE /* TitleState.cpp */ = {isa = PBXFileReference; fileEncoding = 4; lastKnownFileType = sourcecode.cpp.cpp; path = TitleState.cpp; sourceTree = "<group>"; };
		FF1C176E1B4B03C100891BEE /* TitleState.hpp */ = {isa = PBXFileReference; fileEncoding = 4; lastKnownFileType = sourcecode.cpp.h; path = TitleState.hpp; sourceTree = "<group>"; };
		FF1C17771B4B046700891BEE /* ResourceIdentifiers.hpp */ = {isa = PBXFileReference; fileEncoding = 4; lastKnownFileType = sourcecode.cpp.h; path = ResourceIdentifiers.hpp; sourceTree = "<group>"; };
		FF3AD7861B51CE5A00EE5592 /* Actions.hpp */ = {isa = PBXFileReference; fileEncoding = 4; lastKnownFileType = sourcecode.cpp.h; path = Actions.hpp; sourceTree = "<group>"; };
		FF3AD7871B51CE7100EE5592 /* MyApplication.cpp */ = {isa = PBXFileReference; fileEncoding = 4; lastKnownFileType = sourcecode.cpp.cpp; path = MyApplication.cpp; sourceTree = "<group>"; };
		FF3AD7881B51CE7100EE5592 /* MyApplication.hpp */ = {isa = PBXFileReference; fileEncoding = 4; lastKnownFileType = sourcecode.cpp.h; path = MyApplication.hpp; sourceTree = "<group>"; };
		FF3AD78A1B51CEFE00EE5592 /* GUISettings.hpp */ = {isa = PBXFileReference; fileEncoding = 4; lastKnownFileType = sourcecode.cpp.h; path = GUISettings.hpp; sourceTree = "<group>"; };
		FF3E068C1B2F509B008F1A1C /* TAGEngine.app */ = {isa = PBXFileReference; explicitFileType = wrapper.application; includeInIndex = 0; path = TAGEngine.app; sourceTree = BUILT_PRODUCTS_DIR; };
		FF3E06901B2F509B008F1A1C /* TAGEngine-Info.plist */ = {isa = PBXFileReference; lastKnownFileType = text.plist.xml; path = "TAGEngine-Info.plist"; sourceTree = "<group>"; };
		FF3E06911B2F509B008F1A1C /* ResourcePath.mm */ = {isa = PBXFileReference; lastKnownFileType = sourcecode.cpp.objcpp; path = ResourcePath.mm; sourceTree = "<group>"; };
		FF3E06931B2F509B008F1A1C /* ResourcePath.hpp */ = {isa = PBXFileReference; lastKnownFileType = sourcecode.cpp.h; path = ResourcePath.hpp; sourceTree = "<group>"; };
		FF3E06941B2F509B008F1A1C /* main.cpp */ = {isa = PBXFileReference; lastKnownFileType = sourcecode.cpp.cpp; path = main.cpp; sourceTree = "<group>"; };
		FF3E06A51B2F5175008F1A1C /* Application.cpp */ = {isa = PBXFileReference; fileEncoding = 4; lastKnownFileType = sourcecode.cpp.cpp; path = Application.cpp; sourceTree = "<group>"; };
		FF3E06A61B2F5175008F1A1C /* Application.hpp */ = {isa = PBXFileReference; fileEncoding = 4; lastKnownFileType = sourcecode.cpp.h; path = Application.hpp; sourceTree = "<group>"; };
		FF3E06A81B2F5175008F1A1C /* Command.cpp */ = {isa = PBXFileReference; fileEncoding = 4; lastKnownFileType = sourcecode.cpp.cpp; path = Command.cpp; sourceTree = "<group>"; };
		FF3E06A91B2F5175008F1A1C /* Command.hpp */ = {isa = PBXFileReference; fileEncoding = 4; lastKnownFileType = sourcecode.cpp.h; path = Command.hpp; sourceTree = "<group>"; };
		FF3E06AA1B2F5175008F1A1C /* CommandQueue.cpp */ = {isa = PBXFileReference; fileEncoding = 4; lastKnownFileType = sourcecode.cpp.cpp; path = CommandQueue.cpp; sourceTree = "<group>"; };
		FF3E06AB1B2F5175008F1A1C /* CommandQueue.hpp */ = {isa = PBXFileReference; fileEncoding = 4; lastKnownFileType = sourcecode.cpp.h; path = CommandQueue.hpp; sourceTree = "<group>"; };
		FF3E06AD1B2F5175008F1A1C /* Button.cpp */ = {isa = PBXFileReference; fileEncoding = 4; lastKnownFileType = sourcecode.cpp.cpp; path = Button.cpp; sourceTree = "<group>"; };
		FF3E06AE1B2F5175008F1A1C /* Button.hpp */ = {isa = PBXFileReference; fileEncoding = 4; lastKnownFileType = sourcecode.cpp.h; path = Button.hpp; sourceTree = "<group>"; };
		FF3E06AF1B2F5175008F1A1C /* Component.cpp */ = {isa = PBXFileReference; fileEncoding = 4; lastKnownFileType = sourcecode.cpp.cpp; path = Component.cpp; sourceTree = "<group>"; };
		FF3E06B01B2F5175008F1A1C /* Component.hpp */ = {isa = PBXFileReference; fileEncoding = 4; lastKnownFileType = sourcecode.cpp.h; path = Component.hpp; sourceTree = "<group>"; };
		FF3E06B11B2F5175008F1A1C /* Container.cpp */ = {isa = PBXFileReference; fileEncoding = 4; lastKnownFileType = sourcecode.cpp.cpp; path = Container.cpp; sourceTree = "<group>"; };
		FF3E06B21B2F5175008F1A1C /* Container.hpp */ = {isa = PBXFileReference; fileEncoding = 4; lastKnownFileType = sourcecode.cpp.h; path = Container.hpp; sourceTree = "<group>"; };
		FF3E06B31B2F5175008F1A1C /* Label.cpp */ = {isa = PBXFileReference; fileEncoding = 4; lastKnownFileType = sourcecode.cpp.cpp; path = Label.cpp; sourceTree = "<group>"; };
		FF3E06B41B2F5175008F1A1C /* Label.hpp */ = {isa = PBXFileReference; fileEncoding = 4; lastKnownFileType = sourcecode.cpp.h; path = Label.hpp; sourceTree = "<group>"; };
		FF3E06B61B2F5175008F1A1C /* InputHandler.cpp */ = {isa = PBXFileReference; fileEncoding = 4; lastKnownFileType = sourcecode.cpp.cpp; path = InputHandler.cpp; sourceTree = "<group>"; };
		FF3E06B71B2F5175008F1A1C /* InputHandler.hpp */ = {isa = PBXFileReference; fileEncoding = 4; lastKnownFileType = sourcecode.cpp.h; path = InputHandler.hpp; sourceTree = "<group>"; };
		FF3E06B91B2F5175008F1A1C /* ResourceHolder.hpp */ = {isa = PBXFileReference; fileEncoding = 4; lastKnownFileType = sourcecode.cpp.h; path = ResourceHolder.hpp; sourceTree = "<group>"; };
		FF3E06BA1B2F5175008F1A1C /* ResourceHolder.inl */ = {isa = PBXFileReference; fileEncoding = 4; lastKnownFileType = text; path = ResourceHolder.inl; sourceTree = "<group>"; };
		FF3E06BD1B2F5175008F1A1C /* SceneNode.cpp */ = {isa = PBXFileReference; fileEncoding = 4; lastKnownFileType = sourcecode.cpp.cpp; path = SceneNode.cpp; sourceTree = "<group>"; };
		FF3E06BE1B2F5175008F1A1C /* SceneNode.hpp */ = {isa = PBXFileReference; fileEncoding = 4; lastKnownFileType = sourcecode.cpp.h; path = SceneNode.hpp; sourceTree = "<group>"; };
		FF3E06BF1B2F5175008F1A1C /* SpriteNode.cpp */ = {isa = PBXFileReference; fileEncoding = 4; lastKnownFileType = sourcecode.cpp.cpp; path = SpriteNode.cpp; sourceTree = "<group>"; };
		FF3E06C01B2F5175008F1A1C /* SpriteNode.hpp */ = {isa = PBXFileReference; fileEncoding = 4; lastKnownFileType = sourcecode.cpp.h; path = SpriteNode.hpp; sourceTree = "<group>"; };
		FF3E06CC1B2F5175008F1A1C /* State.cpp */ = {isa = PBXFileReference; fileEncoding = 4; lastKnownFileType = sourcecode.cpp.cpp; path = State.cpp; sourceTree = "<group>"; };
		FF3E06CD1B2F5175008F1A1C /* State.hpp */ = {isa = PBXFileReference; fileEncoding = 4; lastKnownFileType = sourcecode.cpp.h; path = State.hpp; sourceTree = "<group>"; };
		FF3E06CF1B2F5175008F1A1C /* StateStack.cpp */ = {isa = PBXFileReference; fileEncoding = 4; lastKnownFileType = sourcecode.cpp.cpp; path = StateStack.cpp; sourceTree = "<group>"; };
		FF3E06D01B2F5175008F1A1C /* StateStack.hpp */ = {isa = PBXFileReference; fileEncoding = 4; lastKnownFileType = sourcecode.cpp.h; path = StateStack.hpp; sourceTree = "<group>"; };
		FF3E06D41B2F5175008F1A1C /* ParallelTask.cpp */ = {isa = PBXFileReference; fileEncoding = 4; lastKnownFileType = sourcecode.cpp.cpp; path = ParallelTask.cpp; sourceTree = "<group>"; };
		FF3E06D51B2F5175008F1A1C /* ParallelTask.hpp */ = {isa = PBXFileReference; fileEncoding = 4; lastKnownFileType = sourcecode.cpp.h; path = ParallelTask.hpp; sourceTree = "<group>"; };
		FF3E06D61B2F5175008F1A1C /* Utility.cpp */ = {isa = PBXFileReference; fileEncoding = 4; lastKnownFileType = sourcecode.cpp.cpp; path = Utility.cpp; sourceTree = "<group>"; };
		FF3E06D71B2F5175008F1A1C /* Utility.hpp */ = {isa = PBXFileReference; fileEncoding = 4; lastKnownFileType = sourcecode.cpp.h; path = Utility.hpp; sourceTree = "<group>"; };
		FF3E06D81B2F5175008F1A1C /* Utility.inl */ = {isa = PBXFileReference; fileEncoding = 4; lastKnownFileType = text; path = Utility.inl; sourceTree = "<group>"; };
		FF3E06DA1B2F5175008F1A1C /* World.cpp */ = {isa = PBXFileReference; fileEncoding = 4; lastKnownFileType = sourcecode.cpp.cpp; path = World.cpp; sourceTree = "<group>"; };
		FF3E06DB1B2F5175008F1A1C /* World.hpp */ = {isa = PBXFileReference; fileEncoding = 4; lastKnownFileType = sourcecode.cpp.h; path = World.hpp; sourceTree = "<group>"; };
		FF4DAF131B4C79490033BFF4 /* MyCategory.hpp */ = {isa = PBXFileReference; fileEncoding = 4; lastKnownFileType = sourcecode.cpp.h; path = MyCategory.hpp; sourceTree = "<group>"; };
		FF4DAF141B4C79730033BFF4 /* Category.hpp */ = {isa = PBXFileReference; fileEncoding = 4; lastKnownFileType = sourcecode.cpp.h; path = Category.hpp; sourceTree = "<group>"; };
		FF4DAF161B4C7B340033BFF4 /* MyInputHandler.cpp */ = {isa = PBXFileReference; fileEncoding = 4; lastKnownFileType = sourcecode.cpp.cpp; path = MyInputHandler.cpp; sourceTree = "<group>"; };
		FF4DAF171B4C7B340033BFF4 /* MyInputHandler.hpp */ = {isa = PBXFileReference; fileEncoding = 4; lastKnownFileType = sourcecode.cpp.h; path = MyInputHandler.hpp; sourceTree = "<group>"; };
		FF644DFF1B4DBC9800826FA0 /* Defaults.hpp */ = {isa = PBXFileReference; fileEncoding = 4; lastKnownFileType = sourcecode.cpp.h; path = Defaults.hpp; sourceTree = "<group>"; };
		FF9D6FA81B34BAB600A995F0 /* Animation.cpp */ = {isa = PBXFileReference; fileEncoding = 4; lastKnownFileType = sourcecode.cpp.cpp; path = Animation.cpp; sourceTree = "<group>"; };
		FF9D6FA91B34BAB600A995F0 /* Animation.hpp */ = {isa = PBXFileReference; fileEncoding = 4; lastKnownFileType = sourcecode.cpp.h; path = Animation.hpp; sourceTree = "<group>"; };
		FF9D6FAA1B34BAB600A995F0 /* BloomEffect.cpp */ = {isa = PBXFileReference; fileEncoding = 4; lastKnownFileType = sourcecode.cpp.cpp; path = BloomEffect.cpp; sourceTree = "<group>"; };
		FF9D6FAB1B34BAB600A995F0 /* BloomEffect.hpp */ = {isa = PBXFileReference; fileEncoding = 4; lastKnownFileType = sourcecode.cpp.h; path = BloomEffect.hpp; sourceTree = "<group>"; };
		FF9D6FAC1B34BAB600A995F0 /* PostEffect.cpp */ = {isa = PBXFileReference; fileEncoding = 4; lastKnownFileType = sourcecode.cpp.cpp; path = PostEffect.cpp; sourceTree = "<group>"; };
		FF9D6FAD1B34BAB600A995F0 /* PostEffect.hpp */ = {isa = PBXFileReference; fileEncoding = 4; lastKnownFileType = sourcecode.cpp.h; path = PostEffect.hpp; sourceTree = "<group>"; };
		FF9D6FBB1B34BB2800A995F0 /* sansation.ttf */ = {isa = PBXFileReference; lastKnownFileType = file; path = sansation.ttf; sourceTree = "<group>"; };
		FF9D6FBD1B34BB2800A995F0 /* TitleScreen.png */ = {isa = PBXFileReference; lastKnownFileType = image.png; path = TitleScreen.png; sourceTree = "<group>"; };
		FF9D6FC11B34C60900A995F0 /* Add.frag */ = {isa = PBXFileReference; fileEncoding = 4; lastKnownFileType = sourcecode.glsl; path = Add.frag; sourceTree = "<group>"; };
		FF9D6FC31B34C63200A995F0 /* Brightness.frag */ = {isa = PBXFileReference; fileEncoding = 4; lastKnownFileType = sourcecode.glsl; path = Brightness.frag; sourceTree = "<group>"; };
		FF9D6FC51B34C65700A995F0 /* DownSample.frag */ = {isa = PBXFileReference; fileEncoding = 4; lastKnownFileType = sourcecode.glsl; path = DownSample.frag; sourceTree = "<group>"; };
		FF9D6FC71B34C67A00A995F0 /* Fullpass.vert */ = {isa = PBXFileReference; fileEncoding = 4; lastKnownFileType = sourcecode.glsl; path = Fullpass.vert; sourceTree = "<group>"; };
		FF9D6FC91B34C69900A995F0 /* GaussianBlur.frag */ = {isa = PBXFileReference; fileEncoding = 4; lastKnownFileType = sourcecode.glsl; path = GaussianBlur.frag; sourceTree = "<group>"; };
		FF9D6FCB1B34C6F000A995F0 /* Buttons.png */ = {isa = PBXFileReference; lastKnownFileType = image.png; path = Buttons.png; sourceTree = "<group>"; };
		FF9D6FCC1B34C6F000A995F0 /* Entities.png */ = {isa = PBXFileReference; lastKnownFileType = image.png; path = Entities.png; sourceTree = "<group>"; };
		FF9D6FCD1B34C6F000A995F0 /* Explosion.png */ = {isa = PBXFileReference; lastKnownFileType = image.png; path = Explosion.png; sourceTree = "<group>"; };
		FF9D6FCE1B34C6F000A995F0 /* FinishLine.png */ = {isa = PBXFileReference; lastKnownFileType = image.png; path = FinishLine.png; sourceTree = "<group>"; };
		FF9D6FCF1B34C6F000A995F0 /* Jungle.png */ = {isa = PBXFileReference; lastKnownFileType = image.png; path = Jungle.png; sourceTree = "<group>"; };
		FF9D6FD01B34C6F000A995F0 /* Particle.png */ = {isa = PBXFileReference; lastKnownFileType = image.png; path = Particle.png; sourceTree = "<group>"; };
		FFAC745C1B3B49250061C374 /* SoundNode.cpp */ = {isa = PBXFileReference; fileEncoding = 4; lastKnownFileType = sourcecode.cpp.cpp; path = SoundNode.cpp; sourceTree = "<group>"; };
		FFAC745D1B3B49250061C374 /* SoundNode.hpp */ = {isa = PBXFileReference; fileEncoding = 4; lastKnownFileType = sourcecode.cpp.h; path = SoundNode.hpp; sourceTree = "<group>"; };
		FFAC74601B3B4A1E0061C374 /* MusicPlayer.cpp */ = {isa = PBXFileReference; fileEncoding = 4; lastKnownFileType = sourcecode.cpp.cpp; path = MusicPlayer.cpp; sourceTree = "<group>"; };
		FFAC74611B3B4A1E0061C374 /* MusicPlayer.hpp */ = {isa = PBXFileReference; fileEncoding = 4; lastKnownFileType = sourcecode.cpp.h; path = MusicPlayer.hpp; sourceTree = "<group>"; };
		FFAC74621B3B4A1E0061C374 /* SoundPlayer.cpp */ = {isa = PBXFileReference; fileEncoding = 4; lastKnownFileType = sourcecode.cpp.cpp; path = SoundPlayer.cpp; sourceTree = "<group>"; };
		FFAC74631B3B4A1E0061C374 /* SoundPlayer.hpp */ = {isa = PBXFileReference; fileEncoding = 4; lastKnownFileType = sourcecode.cpp.h; path = SoundPlayer.hpp; sourceTree = "<group>"; };
		FFAC74671B3B4AC00061C374 /* MenuTheme.ogg */ = {isa = PBXFileReference; lastKnownFileType = file; path = MenuTheme.ogg; sourceTree = "<group>"; };
		FFAC74681B3B4AC00061C374 /* MissionTheme.ogg */ = {isa = PBXFileReference; lastKnownFileType = file; path = MissionTheme.ogg; sourceTree = "<group>"; };
		FFAC746A1B3B4AC00061C374 /* AlliedGunfire.wav */ = {isa = PBXFileReference; lastKnownFileType = audio.wav; path = AlliedGunfire.wav; sourceTree = "<group>"; };
		FFAC746B1B3B4AC00061C374 /* Button.wav */ = {isa = PBXFileReference; lastKnownFileType = audio.wav; path = Button.wav; sourceTree = "<group>"; };
		FFAC746C1B3B4AC00061C374 /* CollectPickup.wav */ = {isa = PBXFileReference; lastKnownFileType = audio.wav; path = CollectPickup.wav; sourceTree = "<group>"; };
		FFAC746D1B3B4AC00061C374 /* EnemyGunfire.wav */ = {isa = PBXFileReference; lastKnownFileType = audio.wav; path = EnemyGunfire.wav; sourceTree = "<group>"; };
		FFAC746E1B3B4AC00061C374 /* Explosion1.wav */ = {isa = PBXFileReference; lastKnownFileType = audio.wav; path = Explosion1.wav; sourceTree = "<group>"; };
		FFAC746F1B3B4AC00061C374 /* Explosion2.wav */ = {isa = PBXFileReference; lastKnownFileType = audio.wav; path = Explosion2.wav; sourceTree = "<group>"; };
		FFAC74701B3B4AC00061C374 /* LaunchMissile.wav */ = {isa = PBXFileReference; lastKnownFileType = audio.wav; path = LaunchMissile.wav; sourceTree = "<group>"; };
		FFAE01141B524C26002F7085 /* GUISettings.cpp */ = {isa = PBXFileReference; fileEncoding = 4; lastKnownFileType = sourcecode.cpp.cpp; path = GUISettings.cpp; sourceTree = "<group>"; };
/* End PBXFileReference section */

/* Begin PBXFrameworksBuildPhase section */
		FF3E06881B2F509B008F1A1C /* Frameworks */ = {
			isa = PBXFrameworksBuildPhase;
			buildActionMask = 2147483647;
			files = (
			);
			runOnlyForDeploymentPostprocessing = 0;
		};
/* End PBXFrameworksBuildPhase section */

/* Begin PBXGroup section */
		FF02D3EE1B320F7100D9F30F /* Entity */ = {
			isa = PBXGroup;
			children = (
				FF02D3F31B320F7100D9F30F /* Entity.cpp */,
				FF02D3F41B320F7100D9F30F /* Entity.hpp */,
			);
			path = Entity;
			sourceTree = "<group>";
		};
		FF1492DC1B4468EE003A1173 /* Math */ = {
			isa = PBXGroup;
			children = (
				FF1492DD1B4468EE003A1173 /* Distribution.hpp */,
				FF1492DE1B4468EE003A1173 /* Distributions.cpp */,
				FF1492DF1B4468EE003A1173 /* Distributions.hpp */,
				FF1492E01B4468EE003A1173 /* PolarVector2.hpp */,
				FF1492E11B4468EE003A1173 /* PolarVector2.inl */,
				FF1492E21B4468EE003A1173 /* Random.cpp */,
				FF1492E31B4468EE003A1173 /* Random.hpp */,
				FF1492E41B4468EE003A1173 /* Trigonometry.cpp */,
				FF1492E51B4468EE003A1173 /* Trigonometry.hpp */,
				FF1492E61B4468EE003A1173 /* VectorAlgebra2D.hpp */,
				FF1492E71B4468EE003A1173 /* VectorAlgebra2D.inl */,
			);
			path = Math;
			sourceTree = "<group>";
		};
		FF1C174A1B4AF87400891BEE /* Game */ = {
			isa = PBXGroup;
			children = (
				FF3AD7871B51CE7100EE5592 /* MyApplication.cpp */,
				FF3AD7881B51CE7100EE5592 /* MyApplication.hpp */,
				FF3AD7861B51CE5A00EE5592 /* Actions.hpp */,
				FF4DAF151B4C7B1B0033BFF4 /* IO */,
				FF4DAF131B4C79490033BFF4 /* MyCategory.hpp */,
				FF1C17771B4B046700891BEE /* ResourceIdentifiers.hpp */,
				FF1C17761B4B03DD00891BEE /* States */,
				FF1C175E1B4B033200891BEE /* Entities */,
			);
			path = Game;
			sourceTree = "<group>";
		};
		FF1C175E1B4B033200891BEE /* Entities */ = {
			isa = PBXGroup;
			children = (
				FF1C17511B4AF87400891BEE /* DataTables.cpp */,
				FF1C17521B4AF87400891BEE /* DataTables.hpp */,
				FF1C17531B4AF87400891BEE /* Pickup.cpp */,
				FF1C17541B4AF87400891BEE /* Pickup.hpp */,
				FF1C17551B4AF87400891BEE /* Projectile.cpp */,
				FF1C17561B4AF87400891BEE /* Projectile.hpp */,
				FF1C174B1B4AF87400891BEE /* Aircraft.cpp */,
				FF1C174C1B4AF87400891BEE /* Aircraft.hpp */,
			);
			name = Entities;
			sourceTree = "<group>";
		};
		FF1C17761B4B03DD00891BEE /* States */ = {
			isa = PBXGroup;
			children = (
				FF1C17601B4B03C100891BEE /* GameOverState.cpp */,
				FF1C17611B4B03C100891BEE /* GameOverState.hpp */,
				FF1C17621B4B03C100891BEE /* GameState.cpp */,
				FF1C17631B4B03C100891BEE /* GameState.hpp */,
				FF1C17641B4B03C100891BEE /* LoadingState.cpp */,
				FF1C17651B4B03C100891BEE /* LoadingState.hpp */,
				FF1C17661B4B03C100891BEE /* MenuState.cpp */,
				FF1C17671B4B03C100891BEE /* MenuState.hpp */,
				FF1C17681B4B03C100891BEE /* PauseState.cpp */,
				FF1C17691B4B03C100891BEE /* PauseState.hpp */,
				FF1C176A1B4B03C100891BEE /* SettingsStates.cpp */,
				FF1C176B1B4B03C100891BEE /* SettingsStates.hpp */,
				FF1C176C1B4B03C100891BEE /* StateIdentifiers.hpp */,
				FF1C176D1B4B03C100891BEE /* TitleState.cpp */,
				FF1C176E1B4B03C100891BEE /* TitleState.hpp */,
			);
			name = States;
			sourceTree = "<group>";
		};
		FF3E06821B2F509B008F1A1C = {
			isa = PBXGroup;
			children = (
				FF3E068E1B2F509B008F1A1C /* TAGEngine */,
				FF3E068D1B2F509B008F1A1C /* Products */,
			);
			sourceTree = "<group>";
		};
		FF3E068D1B2F509B008F1A1C /* Products */ = {
			isa = PBXGroup;
			children = (
				FF3E068C1B2F509B008F1A1C /* TAGEngine.app */,
			);
			name = Products;
			sourceTree = "<group>";
		};
		FF3E068E1B2F509B008F1A1C /* TAGEngine */ = {
			isa = PBXGroup;
			children = (
				FF1C174A1B4AF87400891BEE /* Game */,
				FF3E06A41B2F5175008F1A1C /* TAG */,
				FF3E06911B2F509B008F1A1C /* ResourcePath.mm */,
				FF3E06931B2F509B008F1A1C /* ResourcePath.hpp */,
				FF3E06941B2F509B008F1A1C /* main.cpp */,
				FF3E06961B2F509B008F1A1C /* Resources */,
				FF3E068F1B2F509B008F1A1C /* Supporting Files */,
			);
			path = TAGEngine;
			sourceTree = "<group>";
		};
		FF3E068F1B2F509B008F1A1C /* Supporting Files */ = {
			isa = PBXGroup;
			children = (
				FF3E06901B2F509B008F1A1C /* TAGEngine-Info.plist */,
			);
			name = "Supporting Files";
			sourceTree = "<group>";
		};
		FF3E06961B2F509B008F1A1C /* Resources */ = {
			isa = PBXGroup;
			children = (
				FF9D6FB91B34BB2800A995F0 /* Media */,
			);
			name = Resources;
			sourceTree = "<group>";
		};
		FF3E06A41B2F5175008F1A1C /* TAG */ = {
			isa = PBXGroup;
			children = (
				FF644DFF1B4DBC9800826FA0 /* Defaults.hpp */,
				FF1492DC1B4468EE003A1173 /* Math */,
				FFAC745F1B3B4A1E0061C374 /* Audio */,
				FF9D6FB11B34BADC00A995F0 /* Particles */,
				FF9D6FA71B34BAB600A995F0 /* Gfx */,
				FF02D3EE1B320F7100D9F30F /* Entity */,
				FF3E06A51B2F5175008F1A1C /* Application.cpp */,
				FF3E06A61B2F5175008F1A1C /* Application.hpp */,
				FF3E06A71B2F5175008F1A1C /* Commands */,
				FF3E06AC1B2F5175008F1A1C /* GUI */,
				FF3E06B51B2F5175008F1A1C /* IO */,
				FF3E06B81B2F5175008F1A1C /* ResourceManager */,
				FF3E06BC1B2F5175008F1A1C /* SceneNodes */,
				FF3E06C11B2F5175008F1A1C /* States */,
				FF3E06D31B2F5175008F1A1C /* System */,
				FF3E06D61B2F5175008F1A1C /* Utility.cpp */,
				FF3E06D71B2F5175008F1A1C /* Utility.hpp */,
				FF3E06D81B2F5175008F1A1C /* Utility.inl */,
				FF3E06D91B2F5175008F1A1C /* World */,
			);
			path = TAG;
			sourceTree = "<group>";
		};
		FF3E06A71B2F5175008F1A1C /* Commands */ = {
			isa = PBXGroup;
			children = (
				FF4DAF141B4C79730033BFF4 /* Category.hpp */,
				FF3E06A81B2F5175008F1A1C /* Command.cpp */,
				FF3E06A91B2F5175008F1A1C /* Command.hpp */,
				FF3E06AA1B2F5175008F1A1C /* CommandQueue.cpp */,
				FF3E06AB1B2F5175008F1A1C /* CommandQueue.hpp */,
			);
			path = Commands;
			sourceTree = "<group>";
		};
		FF3E06AC1B2F5175008F1A1C /* GUI */ = {
			isa = PBXGroup;
			children = (
				FFAE01141B524C26002F7085 /* GUISettings.cpp */,
				FF3AD78A1B51CEFE00EE5592 /* GUISettings.hpp */,
				FF3E06AD1B2F5175008F1A1C /* Button.cpp */,
				FF3E06AE1B2F5175008F1A1C /* Button.hpp */,
				FF3E06AF1B2F5175008F1A1C /* Component.cpp */,
				FF3E06B01B2F5175008F1A1C /* Component.hpp */,
				FF3E06B11B2F5175008F1A1C /* Container.cpp */,
				FF3E06B21B2F5175008F1A1C /* Container.hpp */,
				FF3E06B31B2F5175008F1A1C /* Label.cpp */,
				FF3E06B41B2F5175008F1A1C /* Label.hpp */,
			);
			path = GUI;
			sourceTree = "<group>";
		};
		FF3E06B51B2F5175008F1A1C /* IO */ = {
			isa = PBXGroup;
			children = (
				FF3E06B61B2F5175008F1A1C /* InputHandler.cpp */,
				FF3E06B71B2F5175008F1A1C /* InputHandler.hpp */,
			);
			path = IO;
			sourceTree = "<group>";
		};
		FF3E06B81B2F5175008F1A1C /* ResourceManager */ = {
			isa = PBXGroup;
			children = (
				FF3E06B91B2F5175008F1A1C /* ResourceHolder.hpp */,
				FF3E06BA1B2F5175008F1A1C /* ResourceHolder.inl */,
			);
			path = ResourceManager;
			sourceTree = "<group>";
		};
		FF3E06BC1B2F5175008F1A1C /* SceneNodes */ = {
			isa = PBXGroup;
			children = (
				FF1492F91B447272003A1173 /* EmitterNode.cpp */,
				FF1492FA1B447272003A1173 /* EmitterNode.hpp */,
				FF1492F31B447260003A1173 /* ParticleNode.cpp */,
				FF1492F41B447260003A1173 /* ParticleNode.hpp */,
				FF1492F51B447260003A1173 /* UniversalEmitterNode.cpp */,
				FF1492F61B447260003A1173 /* UniversalEmitterNode.hpp */,
				FFAC745C1B3B49250061C374 /* SoundNode.cpp */,
				FFAC745D1B3B49250061C374 /* SoundNode.hpp */,
				FF02D3FE1B320F9200D9F30F /* TextNode.cpp */,
				FF02D3FF1B320F9200D9F30F /* TextNode.hpp */,
				FF3E06BD1B2F5175008F1A1C /* SceneNode.cpp */,
				FF3E06BE1B2F5175008F1A1C /* SceneNode.hpp */,
				FF3E06BF1B2F5175008F1A1C /* SpriteNode.cpp */,
				FF3E06C01B2F5175008F1A1C /* SpriteNode.hpp */,
			);
			path = SceneNodes;
			sourceTree = "<group>";
		};
		FF3E06C11B2F5175008F1A1C /* States */ = {
			isa = PBXGroup;
			children = (
				FF3E06CC1B2F5175008F1A1C /* State.cpp */,
				FF3E06CD1B2F5175008F1A1C /* State.hpp */,
				FF3E06CF1B2F5175008F1A1C /* StateStack.cpp */,
				FF3E06D01B2F5175008F1A1C /* StateStack.hpp */,
			);
			path = States;
			sourceTree = "<group>";
		};
		FF3E06D31B2F5175008F1A1C /* System */ = {
			isa = PBXGroup;
			children = (
				FF3E06D41B2F5175008F1A1C /* ParallelTask.cpp */,
				FF3E06D51B2F5175008F1A1C /* ParallelTask.hpp */,
			);
			path = System;
			sourceTree = "<group>";
		};
		FF3E06D91B2F5175008F1A1C /* World */ = {
			isa = PBXGroup;
			children = (
				FF3E06DA1B2F5175008F1A1C /* World.cpp */,
				FF3E06DB1B2F5175008F1A1C /* World.hpp */,
			);
			path = World;
			sourceTree = "<group>";
		};
		FF4DAF151B4C7B1B0033BFF4 /* IO */ = {
			isa = PBXGroup;
			children = (
				FF4DAF161B4C7B340033BFF4 /* MyInputHandler.cpp */,
				FF4DAF171B4C7B340033BFF4 /* MyInputHandler.hpp */,
			);
			name = IO;
			sourceTree = "<group>";
		};
		FF9D6FA71B34BAB600A995F0 /* Gfx */ = {
			isa = PBXGroup;
			children = (
				FF1493101B448D0E003A1173 /* FrameAnimation.cpp */,
				FF1493111B448D0E003A1173 /* FrameAnimation.hpp */,
				FF1493081B448CC6003A1173 /* RefAnimation.hpp */,
				FF1493091B448CC6003A1173 /* RefAnimation.inl */,
				FF14930A1B448CC6003A1173 /* UniformAccess.cpp */,
				FF14930B1B448CC6003A1173 /* UniformAccess.hpp */,
				FF14930C1B448CC6003A1173 /* UniformAccess.inl */,
				FF1492FF1B448CB4003A1173 /* ColorAnimation.cpp */,
				FF1493001B448CB4003A1173 /* ColorAnimation.hpp */,
				FF1493011B448CB4003A1173 /* ColorGradient.cpp */,
				FF1493021B448CB4003A1173 /* ColorGradient.hpp */,
				FF1493031B448CB4003A1173 /* FadeAnimation.cpp */,
				FF1493041B448CB4003A1173 /* FadeAnimation.hpp */,
				FF1492FC1B448CA2003A1173 /* Animator.hpp */,
				FF1492FD1B448CA2003A1173 /* Animator.inl */,
				FF9D6FA81B34BAB600A995F0 /* Animation.cpp */,
				FF9D6FA91B34BAB600A995F0 /* Animation.hpp */,
				FF9D6FAA1B34BAB600A995F0 /* BloomEffect.cpp */,
				FF9D6FAB1B34BAB600A995F0 /* BloomEffect.hpp */,
				FF9D6FAC1B34BAB600A995F0 /* PostEffect.cpp */,
				FF9D6FAD1B34BAB600A995F0 /* PostEffect.hpp */,
			);
			path = Gfx;
			sourceTree = "<group>";
		};
		FF9D6FB11B34BADC00A995F0 /* Particles */ = {
			isa = PBXGroup;
			children = (
				FF1492F21B447222003A1173 /* Particle.hpp */,
				FF1492ED1B4471FA003A1173 /* Affectors.cpp */,
				FF1492EE1B4471FA003A1173 /* Affectors.hpp */,
				FF1492EF1B4471FA003A1173 /* Particle.cpp */,
			);
			path = Particles;
			sourceTree = "<group>";
		};
		FF9D6FB91B34BB2800A995F0 /* Media */ = {
			isa = PBXGroup;
			children = (
				FFAC74661B3B4AC00061C374 /* Music */,
				FFAC74691B3B4AC00061C374 /* Sounds */,
				FF9D6FC01B34C5EE00A995F0 /* Shaders */,
				FF9D6FBA1B34BB2800A995F0 /* Fonts */,
				FF9D6FBC1B34BB2800A995F0 /* Textures */,
			);
			path = Media;
			sourceTree = "<group>";
		};
		FF9D6FBA1B34BB2800A995F0 /* Fonts */ = {
			isa = PBXGroup;
			children = (
				FF9D6FBB1B34BB2800A995F0 /* sansation.ttf */,
			);
			path = Fonts;
			sourceTree = "<group>";
		};
		FF9D6FBC1B34BB2800A995F0 /* Textures */ = {
			isa = PBXGroup;
			children = (
				FF9D6FCB1B34C6F000A995F0 /* Buttons.png */,
				FF9D6FCC1B34C6F000A995F0 /* Entities.png */,
				FF9D6FCD1B34C6F000A995F0 /* Explosion.png */,
				FF9D6FCE1B34C6F000A995F0 /* FinishLine.png */,
				FF9D6FCF1B34C6F000A995F0 /* Jungle.png */,
				FF9D6FD01B34C6F000A995F0 /* Particle.png */,
				FF9D6FBD1B34BB2800A995F0 /* TitleScreen.png */,
			);
			path = Textures;
			sourceTree = "<group>";
		};
		FF9D6FC01B34C5EE00A995F0 /* Shaders */ = {
			isa = PBXGroup;
			children = (
				FF9D6FC11B34C60900A995F0 /* Add.frag */,
				FF9D6FC31B34C63200A995F0 /* Brightness.frag */,
				FF9D6FC51B34C65700A995F0 /* DownSample.frag */,
				FF9D6FC71B34C67A00A995F0 /* Fullpass.vert */,
				FF9D6FC91B34C69900A995F0 /* GaussianBlur.frag */,
			);
			path = Shaders;
			sourceTree = "<group>";
		};
		FFAC745F1B3B4A1E0061C374 /* Audio */ = {
			isa = PBXGroup;
			children = (
				FFAC74601B3B4A1E0061C374 /* MusicPlayer.cpp */,
				FFAC74611B3B4A1E0061C374 /* MusicPlayer.hpp */,
				FFAC74621B3B4A1E0061C374 /* SoundPlayer.cpp */,
				FFAC74631B3B4A1E0061C374 /* SoundPlayer.hpp */,
			);
			path = Audio;
			sourceTree = "<group>";
		};
		FFAC74661B3B4AC00061C374 /* Music */ = {
			isa = PBXGroup;
			children = (
				FFAC74671B3B4AC00061C374 /* MenuTheme.ogg */,
				FFAC74681B3B4AC00061C374 /* MissionTheme.ogg */,
			);
			path = Music;
			sourceTree = "<group>";
		};
		FFAC74691B3B4AC00061C374 /* Sounds */ = {
			isa = PBXGroup;
			children = (
				FFAC746A1B3B4AC00061C374 /* AlliedGunfire.wav */,
				FFAC746B1B3B4AC00061C374 /* Button.wav */,
				FFAC746C1B3B4AC00061C374 /* CollectPickup.wav */,
				FFAC746D1B3B4AC00061C374 /* EnemyGunfire.wav */,
				FFAC746E1B3B4AC00061C374 /* Explosion1.wav */,
				FFAC746F1B3B4AC00061C374 /* Explosion2.wav */,
				FFAC74701B3B4AC00061C374 /* LaunchMissile.wav */,
			);
			path = Sounds;
			sourceTree = "<group>";
		};
/* End PBXGroup section */

/* Begin PBXNativeTarget section */
		FF3E068B1B2F509B008F1A1C /* TAGEngine */ = {
			isa = PBXNativeTarget;
			buildConfigurationList = FF3E06A11B2F509B008F1A1C /* Build configuration list for PBXNativeTarget "TAGEngine" */;
			buildPhases = (
				FF3E06871B2F509B008F1A1C /* Sources */,
				FF3E06881B2F509B008F1A1C /* Frameworks */,
				FF3E06891B2F509B008F1A1C /* Resources */,
				FF3E068A1B2F509B008F1A1C /* ShellScript */,
			);
			buildRules = (
			);
			dependencies = (
			);
			name = TAGEngine;
			productName = TAGEngine;
			productReference = FF3E068C1B2F509B008F1A1C /* TAGEngine.app */;
			productType = "com.apple.product-type.application";
		};
/* End PBXNativeTarget section */

/* Begin PBXProject section */
		FF3E06831B2F509B008F1A1C /* Project object */ = {
			isa = PBXProject;
			attributes = {
				LastUpgradeCheck = 0620;
				ORGANIZATIONNAME = "Team Atomic Games";
				TargetAttributes = {
					FF3E068B1B2F509B008F1A1C = {
						CreatedOnToolsVersion = 6.2;
					};
				};
			};
			buildConfigurationList = FF3E06861B2F509B008F1A1C /* Build configuration list for PBXProject "TAGEngine" */;
			compatibilityVersion = "Xcode 3.2";
			developmentRegion = English;
			hasScannedForEncodings = 0;
			knownRegions = (
				en,
			);
			mainGroup = FF3E06821B2F509B008F1A1C;
			productRefGroup = FF3E068D1B2F509B008F1A1C /* Products */;
			projectDirPath = "";
			projectRoot = "";
			targets = (
				FF3E068B1B2F509B008F1A1C /* TAGEngine */,
			);
		};
/* End PBXProject section */

/* Begin PBXResourcesBuildPhase section */
		FF3E06891B2F509B008F1A1C /* Resources */ = {
			isa = PBXResourcesBuildPhase;
			buildActionMask = 2147483647;
			files = (
				FFAC74711B3B4AC00061C374 /* MenuTheme.ogg in Resources */,
				FF1492EC1B4468EE003A1173 /* VectorAlgebra2D.inl in Resources */,
				FF9D6FBF1B34BB2800A995F0 /* TitleScreen.png in Resources */,
				FF9D6FBE1B34BB2800A995F0 /* sansation.ttf in Resources */,
				FFAC74741B3B4AC00061C374 /* Button.wav in Resources */,
				FF9D6FC21B34C60900A995F0 /* Add.frag in Resources */,
				FF9D6FC61B34C65700A995F0 /* DownSample.frag in Resources */,
				FFAC74791B3B4AC00061C374 /* LaunchMissile.wav in Resources */,
				FF9D6FD71B34C6F000A995F0 /* Particle.png in Resources */,
				FFAC74731B3B4AC00061C374 /* AlliedGunfire.wav in Resources */,
				FF14930D1B448CC6003A1173 /* RefAnimation.inl in Resources */,
				FFAC74761B3B4AC00061C374 /* EnemyGunfire.wav in Resources */,
				FF1492FE1B448CA2003A1173 /* Animator.inl in Resources */,
				FF3E06F11B2F5175008F1A1C /* Utility.inl in Resources */,
				FF1492E91B4468EE003A1173 /* PolarVector2.inl in Resources */,
				FFAC74781B3B4AC00061C374 /* Explosion2.wav in Resources */,
				FF9D6FD41B34C6F000A995F0 /* Explosion.png in Resources */,
				FFAC74721B3B4AC00061C374 /* MissionTheme.ogg in Resources */,
				FFAC74751B3B4AC00061C374 /* CollectPickup.wav in Resources */,
				FF9D6FD61B34C6F000A995F0 /* Jungle.png in Resources */,
				FF9D6FC41B34C63200A995F0 /* Brightness.frag in Resources */,
				FF9D6FC81B34C67A00A995F0 /* Fullpass.vert in Resources */,
				FF9D6FD51B34C6F000A995F0 /* FinishLine.png in Resources */,
				FF9D6FD21B34C6F000A995F0 /* Buttons.png in Resources */,
				FF14930F1B448CC6003A1173 /* UniformAccess.inl in Resources */,
				FFAC74771B3B4AC00061C374 /* Explosion1.wav in Resources */,
				FF3E06E41B2F5175008F1A1C /* ResourceHolder.inl in Resources */,
				FF9D6FCA1B34C69900A995F0 /* GaussianBlur.frag in Resources */,
				FF9D6FD31B34C6F000A995F0 /* Entities.png in Resources */,
			);
			runOnlyForDeploymentPostprocessing = 0;
		};
/* End PBXResourcesBuildPhase section */

/* Begin PBXShellScriptBuildPhase section */
		FF3E068A1B2F509B008F1A1C /* ShellScript */ = {
			isa = PBXShellScriptBuildPhase;
			buildActionMask = 2147483647;
			files = (
			);
			inputPaths = (
			);
			outputPaths = (
			);
			runOnlyForDeploymentPostprocessing = 0;
			shellPath = /bin/sh;
			shellScript = "# This shell script simply copies required SFML dylibs/frameworks into the application bundle frameworks folder.\n# If you're using static libraries (which is not recommended) you should remove this script from your project.\n\n# Are we building a project that uses frameworks or dylibs?\ncase \"$SFML_BINARY_TYPE\" in\n    DYLIBS)\n        frameworks=\"false\"\n        ;;\n    *)\n        frameworks=\"true\"\n        ;;\nesac\n\n# Echoes to stderr\nerror () # $* message to display\n{\n    echo $* 1>&2\n    exit 2\n}\n\nassert () # $1 is a boolean, $2...N is an error message\n{\n    if [ $# -lt 2 ]\n    then\n        error \"Internal error in assert : not enough args\"\n    fi\n\n    if [ $1 -ne 0 ]\n    then\n        shift\n        error \"$*\"\n    fi\n}\n\nforce_remove () # $@ is some paths\n{\n    test $# -ge 1\n    assert $? \"force_remove() requires at least one parameter\"\n    rm -fr $@\n    assert $? \"couldn't remove $@\"\n}\n\ncopy () # $1 is a source, $2 is a destination\n{\n    test $# -eq 2\n    assert $? \"copy() requires two parameters\"\n    ditto \"$1\" \"$2\"\n    assert $? \"couldn't copy $1 to $2\"\n}\n\nrequire () # $1 is a SFML module like 'system' or 'audio'\n{\n    dest=\"$BUILT_PRODUCTS_DIR/$PRODUCT_NAME.app/Contents/Frameworks\"\n\n    if [ -z \"$1\" ]\n    then\n        error \"require() requires one parameter!\"\n    else\n        # clean potentially old stuff\n        force_remove \"$dest/libsfml-$1\"*\n        force_remove \"$dest/sfml-$1.framework\"\n\n        # copy SFML libraries\n        if [ \"$frameworks\" = \"true\" ]\n        then\n            source=\"/Library/Frameworks/sfml-$1.framework\"\n            target=\"sfml-$1.framework\"\n        elif [ \"$SFML_LINK_DYLIBS_SUFFIX\" = \"-d\" ]\n        then\n            source=\"/usr/local/lib/libsfml-$1-d.dylib\"\n            target=\"`readlink $source`\"\n        else\n            source=\"/usr/local/lib/libsfml-$1.dylib\"\n            target=\"`readlink $source`\"\n        fi\n\n        copy \"$source\" \"$dest/$target\"\n\n        # copy extra dependencies\n        if [ \"$1\" = \"audio\" ]\n        then\n            # copy sndfile framework too\n            copy \"/Library/Frameworks/sndfile.framework\" \"$dest/sndfile.framework\"\n        elif [ \"$1\" = \"graphics\" ]\n        then\n            # copy freetype framework too\n            copy \"/Library/Frameworks/freetype.framework\" \"$dest/freetype.framework\"\n        fi\n    fi\n}\n\nif [ -n \"$SFML_SYSTEM\" ]\nthen\n    require \"system\"\nfi\n\nif [ -n \"$SFML_AUDIO\" ]\nthen\n    require \"audio\"\nfi\n\nif [ -n \"$SFML_NETWORK\" ]\nthen\n    require \"network\"\nfi\n\nif [ -n \"$SFML_WINDOW\" ]\nthen\n    require \"window\"\nfi\n\nif [ -n \"$SFML_GRAPHICS\" ]\nthen\n    require \"graphics\"\nfi\n\n                ";
		};
/* End PBXShellScriptBuildPhase section */

/* Begin PBXSourcesBuildPhase section */
		FF3E06871B2F509B008F1A1C /* Sources */ = {
			isa = PBXSourcesBuildPhase;
			buildActionMask = 2147483647;
			files = (
				FF1492FB1B447272003A1173 /* EmitterNode.cpp in Sources */,
				FF3E06E21B2F5175008F1A1C /* Label.cpp in Sources */,
				FF3E06ED1B2F5175008F1A1C /* StateStack.cpp in Sources */,
				FF9D6FAE1B34BAB600A995F0 /* Animation.cpp in Sources */,
				FF1C17721B4B03C100891BEE /* MenuState.cpp in Sources */,
				FF1C176F1B4B03C100891BEE /* GameOverState.cpp in Sources */,
				FF1492F81B447260003A1173 /* UniversalEmitterNode.cpp in Sources */,
				FF1493121B448D0E003A1173 /* FrameAnimation.cpp in Sources */,
				FF9D6FB01B34BAB600A995F0 /* PostEffect.cpp in Sources */,
				FFAC74651B3B4A1E0061C374 /* SoundPlayer.cpp in Sources */,
				FF1C17701B4B03C100891BEE /* GameState.cpp in Sources */,
				FF1492EB1B4468EE003A1173 /* Trigonometry.cpp in Sources */,
				FF1492E81B4468EE003A1173 /* Distributions.cpp in Sources */,
				FF3E06E51B2F5175008F1A1C /* SceneNode.cpp in Sources */,
				FFAE01151B524C26002F7085 /* GUISettings.cpp in Sources */,
				FF3E06951B2F509B008F1A1C /* main.cpp in Sources */,
				FF9D6FAF1B34BAB600A995F0 /* BloomEffect.cpp in Sources */,
				FFAC74641B3B4A1E0061C374 /* MusicPlayer.cpp in Sources */,
				FF1C175B1B4AF87400891BEE /* Pickup.cpp in Sources */,
				FF3E06E11B2F5175008F1A1C /* Container.cpp in Sources */,
				FF1493061B448CB4003A1173 /* ColorGradient.cpp in Sources */,
				FF1C175A1B4AF87400891BEE /* DataTables.cpp in Sources */,
				FF1C175C1B4AF87400891BEE /* Projectile.cpp in Sources */,
				FF3E06EF1B2F5175008F1A1C /* ParallelTask.cpp in Sources */,
				FF3AD7891B51CE7100EE5592 /* MyApplication.cpp in Sources */,
				FF3E06E61B2F5175008F1A1C /* SpriteNode.cpp in Sources */,
				FF14930E1B448CC6003A1173 /* UniformAccess.cpp in Sources */,
				FF3E06E31B2F5175008F1A1C /* InputHandler.cpp in Sources */,
				FF1C17751B4B03C100891BEE /* TitleState.cpp in Sources */,
				FF02D4001B320F9200D9F30F /* TextNode.cpp in Sources */,
				FF3E06921B2F509B008F1A1C /* ResourcePath.mm in Sources */,
				FF3E06E01B2F5175008F1A1C /* Component.cpp in Sources */,
				FF3E06DC1B2F5175008F1A1C /* Application.cpp in Sources */,
				FF3E06DD1B2F5175008F1A1C /* Command.cpp in Sources */,
				FF3E06DE1B2F5175008F1A1C /* CommandQueue.cpp in Sources */,
				FF1492F71B447260003A1173 /* ParticleNode.cpp in Sources */,
				FF1492EA1B4468EE003A1173 /* Random.cpp in Sources */,
				FF1492F11B4471FA003A1173 /* Particle.cpp in Sources */,
				FF1493051B448CB4003A1173 /* ColorAnimation.cpp in Sources */,
				FFAC745E1B3B49250061C374 /* SoundNode.cpp in Sources */,
				FF1C17711B4B03C100891BEE /* LoadingState.cpp in Sources */,
				FF1C17731B4B03C100891BEE /* PauseState.cpp in Sources */,
				FF1492F01B4471FA003A1173 /* Affectors.cpp in Sources */,
				FF1C17741B4B03C100891BEE /* SettingsStates.cpp in Sources */,
				FF3E06F01B2F5175008F1A1C /* Utility.cpp in Sources */,
				FF1C17571B4AF87400891BEE /* Aircraft.cpp in Sources */,
				FF02D3FB1B320F7100D9F30F /* Entity.cpp in Sources */,
				FF3E06DF1B2F5175008F1A1C /* Button.cpp in Sources */,
				FF3E06F21B2F5175008F1A1C /* World.cpp in Sources */,
				FF3E06EC1B2F5175008F1A1C /* State.cpp in Sources */,
				FF1493071B448CB4003A1173 /* FadeAnimation.cpp in Sources */,
			);
			runOnlyForDeploymentPostprocessing = 0;
		};
/* End PBXSourcesBuildPhase section */

/* Begin XCBuildConfiguration section */
		FF3E069F1B2F509B008F1A1C /* Debug */ = {
			isa = XCBuildConfiguration;
			buildSettings = {
				ARCHS = (
					i386,
					x86_64,
				);
				CLANG_CXX_LANGUAGE_STANDARD = "c++0x";
				CLANG_CXX_LIBRARY = "libc++";
				FRAMEWORK_SEARCH_PATHS = (
					/Library/Frameworks/,
					"$(inherited)",
				);
				GCC_VERSION = com.apple.compilers.llvm.clang.1_0;
				HEADER_SEARCH_PATHS = (
					/usr/local/include/,
					"$(inherited)",
				);
				LIBRARY_SEARCH_PATHS = (
					/usr/local/lib/,
					"$(inherited)",
				);
				MACOSX_DEPLOYMENT_TARGET = 10.7;
				OTHER_LDFLAGS = (
					"$(inherited)",
					"$(SFML_SYSTEM)",
					"$(SFML_WINDOW)",
					"$(SFML_GRAPHICS)",
					"$(SFML_AUDIO)",
					"$(SFML_NETWORK)",
				);
				SFML_AUDIO = "$(SFML_LINK_PREFIX) sfml-audio$(SFML_LINK_SUFFIX)";
				SFML_BINARY_TYPE = FRAMEWORKS;
				SFML_GRAPHICS = "$(SFML_LINK_PREFIX) sfml-graphics$(SFML_LINK_SUFFIX)";
				SFML_LINK_DYLIBS_PREFIX = "-l";
				SFML_LINK_DYLIBS_SUFFIX = "";
				SFML_LINK_FRAMEWORKS_PREFIX = "-framework";
				SFML_LINK_FRAMEWORKS_SUFFIX = "";
				SFML_LINK_PREFIX = "$(SFML_LINK_$(SFML_BINARY_TYPE)_PREFIX)";
				SFML_LINK_SUFFIX = "$(SFML_LINK_$(SFML_BINARY_TYPE)_SUFFIX)";
				SFML_NETWORK = "$(SFML_LINK_PREFIX) sfml-network$(SFML_LINK_SUFFIX)";
				SFML_SYSTEM = "$(SFML_LINK_PREFIX) sfml-system$(SFML_LINK_SUFFIX)";
				SFML_WINDOW = "$(SFML_LINK_PREFIX) sfml-window$(SFML_LINK_SUFFIX)";
				SUPPORTED_PLATFORMS = macosx;
			};
			name = Debug;
		};
		FF3E06A01B2F509B008F1A1C /* Release */ = {
			isa = XCBuildConfiguration;
			buildSettings = {
				ARCHS = (
					i386,
					x86_64,
				);
				CLANG_CXX_LANGUAGE_STANDARD = "c++0x";
				CLANG_CXX_LIBRARY = "libc++";
				FRAMEWORK_SEARCH_PATHS = (
					/Library/Frameworks/,
					"$(inherited)",
				);
				GCC_VERSION = com.apple.compilers.llvm.clang.1_0;
				HEADER_SEARCH_PATHS = (
					/usr/local/include/,
					"$(inherited)",
				);
				LIBRARY_SEARCH_PATHS = (
					/usr/local/lib/,
					"$(inherited)",
				);
				MACOSX_DEPLOYMENT_TARGET = 10.7;
				OTHER_LDFLAGS = (
					"$(inherited)",
					"$(SFML_SYSTEM)",
					"$(SFML_WINDOW)",
					"$(SFML_GRAPHICS)",
					"$(SFML_AUDIO)",
					"$(SFML_NETWORK)",
				);
				SFML_AUDIO = "$(SFML_LINK_PREFIX) sfml-audio$(SFML_LINK_SUFFIX)";
				SFML_BINARY_TYPE = FRAMEWORKS;
				SFML_GRAPHICS = "$(SFML_LINK_PREFIX) sfml-graphics$(SFML_LINK_SUFFIX)";
				SFML_LINK_DYLIBS_PREFIX = "-l";
				SFML_LINK_DYLIBS_SUFFIX = "";
				SFML_LINK_FRAMEWORKS_PREFIX = "-framework";
				SFML_LINK_FRAMEWORKS_SUFFIX = "";
				SFML_LINK_PREFIX = "$(SFML_LINK_$(SFML_BINARY_TYPE)_PREFIX)";
				SFML_LINK_SUFFIX = "$(SFML_LINK_$(SFML_BINARY_TYPE)_SUFFIX)";
				SFML_NETWORK = "$(SFML_LINK_PREFIX) sfml-network$(SFML_LINK_SUFFIX)";
				SFML_SYSTEM = "$(SFML_LINK_PREFIX) sfml-system$(SFML_LINK_SUFFIX)";
				SFML_WINDOW = "$(SFML_LINK_PREFIX) sfml-window$(SFML_LINK_SUFFIX)";
				SUPPORTED_PLATFORMS = macosx;
			};
			name = Release;
		};
		FF3E06A21B2F509B008F1A1C /* Debug */ = {
			isa = XCBuildConfiguration;
			buildSettings = {
				INFOPLIST_FILE = "TAGEngine/TAGEngine-Info.plist";
				LD_GENERATE_MAP_FILE = YES;
				LD_RUNPATH_SEARCH_PATHS = "@loader_path/../Frameworks";
				OTHER_LDFLAGS = (
					"$(inherited)",
					"$(SFML_SYSTEM)",
					"$(SFML_WINDOW)",
					"$(SFML_GRAPHICS)",
					"$(SFML_AUDIO)",
					"$(SFML_NETWORK)",
					"-v",
				);
				PRODUCT_NAME = "$(TARGET_NAME)";
			};
			name = Debug;
		};
		FF3E06A31B2F509B008F1A1C /* Release */ = {
			isa = XCBuildConfiguration;
			buildSettings = {
				INFOPLIST_FILE = "TAGEngine/TAGEngine-Info.plist";
				LD_GENERATE_MAP_FILE = YES;
				LD_RUNPATH_SEARCH_PATHS = "@loader_path/../Frameworks";
				OTHER_LDFLAGS = (
					"$(inherited)",
					"$(SFML_SYSTEM)",
					"$(SFML_WINDOW)",
					"$(SFML_GRAPHICS)",
					"$(SFML_AUDIO)",
					"$(SFML_NETWORK)",
					"-v",
				);
				PRODUCT_NAME = "$(TARGET_NAME)";
			};
			name = Release;
		};
/* End XCBuildConfiguration section */

/* Begin XCConfigurationList section */
		FF3E06861B2F509B008F1A1C /* Build configuration list for PBXProject "TAGEngine" */ = {
			isa = XCConfigurationList;
			buildConfigurations = (
				FF3E069F1B2F509B008F1A1C /* Debug */,
				FF3E06A01B2F509B008F1A1C /* Release */,
			);
			defaultConfigurationIsVisible = 0;
			defaultConfigurationName = Release;
		};
		FF3E06A11B2F509B008F1A1C /* Build configuration list for PBXNativeTarget "TAGEngine" */ = {
			isa = XCConfigurationList;
			buildConfigurations = (
				FF3E06A21B2F509B008F1A1C /* Debug */,
				FF3E06A31B2F509B008F1A1C /* Release */,
			);
			defaultConfigurationIsVisible = 0;
			defaultConfigurationName = Release;
		};
/* End XCConfigurationList section */
	};
	rootObject = FF3E06831B2F509B008F1A1C /* Project object */;
}
